// !$*UTF8*$!
{
	archiveVersion = 1;
	classes = {
	};
	objectVersion = 46;
	objects = {

/* Begin PBXBuildFile section */
		7019BB321DB860E300788A1C /* AppDelegate.swift in Sources */ = {isa = PBXBuildFile; fileRef = 7019BB311DB860E300788A1C /* AppDelegate.swift */; };
		7019BB341DB860E300788A1C /* MemeEditorViewController.swift in Sources */ = {isa = PBXBuildFile; fileRef = 7019BB331DB860E300788A1C /* MemeEditorViewController.swift */; };
		7019BB391DB860E300788A1C /* Assets.xcassets in Resources */ = {isa = PBXBuildFile; fileRef = 7019BB381DB860E300788A1C /* Assets.xcassets */; };
		7019BB3C1DB860E300788A1C /* LaunchScreen.storyboard in Resources */ = {isa = PBXBuildFile; fileRef = 7019BB3A1DB860E300788A1C /* LaunchScreen.storyboard */; };
		7019BB471DB860E400788A1C /* MemeMeTests.swift in Sources */ = {isa = PBXBuildFile; fileRef = 7019BB461DB860E400788A1C /* MemeMeTests.swift */; };
		7019BB521DB860E400788A1C /* MemeMeUITests.swift in Sources */ = {isa = PBXBuildFile; fileRef = 7019BB511DB860E400788A1C /* MemeMeUITests.swift */; };
		702EDA1A1DBA1E1100874FA9 /* MemeCollectionViewCell.swift in Sources */ = {isa = PBXBuildFile; fileRef = 702EDA191DBA1E1100874FA9 /* MemeCollectionViewCell.swift */; };
		70563E4E1DB90ECF00866711 /* .gitignore in Resources */ = {isa = PBXBuildFile; fileRef = 70563E4D1DB90ECF00866711 /* .gitignore */; };
		70563E501DB90EF000866711 /* LICENSE in Resources */ = {isa = PBXBuildFile; fileRef = 70563E4F1DB90EF000866711 /* LICENSE */; };
		70563E521DB90F1300866711 /* README.md in Sources */ = {isa = PBXBuildFile; fileRef = 70563E511DB90F1300866711 /* README.md */; };
		70563E541DB98A2E00866711 /* SentMemesTableViewController.swift in Sources */ = {isa = PBXBuildFile; fileRef = 70563E531DB98A2E00866711 /* SentMemesTableViewController.swift */; };
		70563E561DB98A9F00866711 /* Meme.swift in Sources */ = {isa = PBXBuildFile; fileRef = 70563E551DB98A9F00866711 /* Meme.swift */; };
		70563E581DB98D6200866711 /* SentMemesCollectionViewController.swift in Sources */ = {isa = PBXBuildFile; fileRef = 70563E571DB98D6200866711 /* SentMemesCollectionViewController.swift */; };
		70563E5A1DB9961800866711 /* MemeDetailsViewController.swift in Sources */ = {isa = PBXBuildFile; fileRef = 70563E591DB9961800866711 /* MemeDetailsViewController.swift */; };
		70563E5D1DB9976E00866711 /* Main.storyboard in Resources */ = {isa = PBXBuildFile; fileRef = 70563E5B1DB9976E00866711 /* Main.storyboard */; };
/* End PBXBuildFile section */

/* Begin PBXContainerItemProxy section */
		7019BB431DB860E400788A1C /* PBXContainerItemProxy */ = {
			isa = PBXContainerItemProxy;
			containerPortal = 7019BB261DB860E300788A1C /* Project object */;
			proxyType = 1;
			remoteGlobalIDString = 7019BB2D1DB860E300788A1C;
			remoteInfo = MemeMe;
		};
		7019BB4E1DB860E400788A1C /* PBXContainerItemProxy */ = {
			isa = PBXContainerItemProxy;
			containerPortal = 7019BB261DB860E300788A1C /* Project object */;
			proxyType = 1;
			remoteGlobalIDString = 7019BB2D1DB860E300788A1C;
			remoteInfo = MemeMe;
		};
/* End PBXContainerItemProxy section */

/* Begin PBXFileReference section */
		7019BB2E1DB860E300788A1C /* MemeMe.app */ = {isa = PBXFileReference; explicitFileType = wrapper.application; includeInIndex = 0; path = MemeMe.app; sourceTree = BUILT_PRODUCTS_DIR; };
		7019BB311DB860E300788A1C /* AppDelegate.swift */ = {isa = PBXFileReference; lastKnownFileType = sourcecode.swift; path = AppDelegate.swift; sourceTree = "<group>"; };
		7019BB331DB860E300788A1C /* MemeEditorViewController.swift */ = {isa = PBXFileReference; lastKnownFileType = sourcecode.swift; path = MemeEditorViewController.swift; sourceTree = "<group>"; };
		7019BB381DB860E300788A1C /* Assets.xcassets */ = {isa = PBXFileReference; lastKnownFileType = folder.assetcatalog; path = Assets.xcassets; sourceTree = "<group>"; };
		7019BB3B1DB860E300788A1C /* Base */ = {isa = PBXFileReference; lastKnownFileType = file.storyboard; name = Base; path = Base.lproj/LaunchScreen.storyboard; sourceTree = "<group>"; };
		7019BB3D1DB860E300788A1C /* Info.plist */ = {isa = PBXFileReference; lastKnownFileType = text.plist.xml; path = Info.plist; sourceTree = "<group>"; };
		7019BB421DB860E400788A1C /* MemeMeTests.xctest */ = {isa = PBXFileReference; explicitFileType = wrapper.cfbundle; includeInIndex = 0; path = MemeMeTests.xctest; sourceTree = BUILT_PRODUCTS_DIR; };
		7019BB461DB860E400788A1C /* MemeMeTests.swift */ = {isa = PBXFileReference; lastKnownFileType = sourcecode.swift; path = MemeMeTests.swift; sourceTree = "<group>"; };
		7019BB481DB860E400788A1C /* Info.plist */ = {isa = PBXFileReference; lastKnownFileType = text.plist.xml; path = Info.plist; sourceTree = "<group>"; };
		7019BB4D1DB860E400788A1C /* MemeMeUITests.xctest */ = {isa = PBXFileReference; explicitFileType = wrapper.cfbundle; includeInIndex = 0; path = MemeMeUITests.xctest; sourceTree = BUILT_PRODUCTS_DIR; };
		7019BB511DB860E400788A1C /* MemeMeUITests.swift */ = {isa = PBXFileReference; lastKnownFileType = sourcecode.swift; path = MemeMeUITests.swift; sourceTree = "<group>"; };
		7019BB531DB860E400788A1C /* Info.plist */ = {isa = PBXFileReference; lastKnownFileType = text.plist.xml; path = Info.plist; sourceTree = "<group>"; };
		702EDA191DBA1E1100874FA9 /* MemeCollectionViewCell.swift */ = {isa = PBXFileReference; fileEncoding = 4; lastKnownFileType = sourcecode.swift; path = MemeCollectionViewCell.swift; sourceTree = "<group>"; };
		70563E4D1DB90ECF00866711 /* .gitignore */ = {isa = PBXFileReference; fileEncoding = 4; lastKnownFileType = text; path = .gitignore; sourceTree = "<group>"; };
		70563E4F1DB90EF000866711 /* LICENSE */ = {isa = PBXFileReference; fileEncoding = 4; lastKnownFileType = text; path = LICENSE; sourceTree = "<group>"; };
		70563E511DB90F1300866711 /* README.md */ = {isa = PBXFileReference; fileEncoding = 4; lastKnownFileType = net.daringfireball.markdown; path = README.md; sourceTree = "<group>"; };
		70563E531DB98A2E00866711 /* SentMemesTableViewController.swift */ = {isa = PBXFileReference; fileEncoding = 4; lastKnownFileType = sourcecode.swift; path = SentMemesTableViewController.swift; sourceTree = "<group>"; };
		70563E551DB98A9F00866711 /* Meme.swift */ = {isa = PBXFileReference; fileEncoding = 4; lastKnownFileType = sourcecode.swift; path = Meme.swift; sourceTree = "<group>"; };
		70563E571DB98D6200866711 /* SentMemesCollectionViewController.swift */ = {isa = PBXFileReference; fileEncoding = 4; lastKnownFileType = sourcecode.swift; path = SentMemesCollectionViewController.swift; sourceTree = "<group>"; };
		70563E591DB9961800866711 /* MemeDetailsViewController.swift */ = {isa = PBXFileReference; fileEncoding = 4; lastKnownFileType = sourcecode.swift; path = MemeDetailsViewController.swift; sourceTree = "<group>"; };
		70563E5C1DB9976E00866711 /* Base */ = {isa = PBXFileReference; lastKnownFileType = file.storyboard; name = Base; path = Base.lproj/Main.storyboard; sourceTree = "<group>"; };
/* End PBXFileReference section */

/* Begin PBXFrameworksBuildPhase section */
		7019BB2B1DB860E300788A1C /* Frameworks */ = {
			isa = PBXFrameworksBuildPhase;
			buildActionMask = 2147483647;
			files = (
			);
			runOnlyForDeploymentPostprocessing = 0;
		};
		7019BB3F1DB860E400788A1C /* Frameworks */ = {
			isa = PBXFrameworksBuildPhase;
			buildActionMask = 2147483647;
			files = (
			);
			runOnlyForDeploymentPostprocessing = 0;
		};
		7019BB4A1DB860E400788A1C /* Frameworks */ = {
			isa = PBXFrameworksBuildPhase;
			buildActionMask = 2147483647;
			files = (
			);
			runOnlyForDeploymentPostprocessing = 0;
		};
/* End PBXFrameworksBuildPhase section */

/* Begin PBXGroup section */
		7019BB251DB860E300788A1C = {
			isa = PBXGroup;
			children = (
				70563E511DB90F1300866711 /* README.md */,
				70563E4F1DB90EF000866711 /* LICENSE */,
				70563E4D1DB90ECF00866711 /* .gitignore */,
				7019BB301DB860E300788A1C /* MemeMe */,
				7019BB451DB860E400788A1C /* MemeMeTests */,
				7019BB501DB860E400788A1C /* MemeMeUITests */,
				7019BB2F1DB860E300788A1C /* Products */,
			);
			sourceTree = "<group>";
		};
		7019BB2F1DB860E300788A1C /* Products */ = {
			isa = PBXGroup;
			children = (
				7019BB2E1DB860E300788A1C /* MemeMe.app */,
				7019BB421DB860E400788A1C /* MemeMeTests.xctest */,
				7019BB4D1DB860E400788A1C /* MemeMeUITests.xctest */,
			);
			name = Products;
			sourceTree = "<group>";
		};
		7019BB301DB860E300788A1C /* MemeMe */ = {
			isa = PBXGroup;
			children = (
				70563E5B1DB9976E00866711 /* Main.storyboard */,
				7019BB311DB860E300788A1C /* AppDelegate.swift */,
				7019BB381DB860E300788A1C /* Assets.xcassets */,
				7019BB3D1DB860E300788A1C /* Info.plist */,
				7019BB3A1DB860E300788A1C /* LaunchScreen.storyboard */,
				70563E551DB98A9F00866711 /* Meme.swift */,
				7019BB331DB860E300788A1C /* MemeEditorViewController.swift */,
				70563E531DB98A2E00866711 /* SentMemesTableViewController.swift */,
				70563E571DB98D6200866711 /* SentMemesCollectionViewController.swift */,
				70563E591DB9961800866711 /* MemeDetailsViewController.swift */,
				702EDA191DBA1E1100874FA9 /* MemeCollectionViewCell.swift */,
			);
			path = MemeMe;
			sourceTree = "<group>";
		};
		7019BB451DB860E400788A1C /* MemeMeTests */ = {
			isa = PBXGroup;
			children = (
				7019BB461DB860E400788A1C /* MemeMeTests.swift */,
				7019BB481DB860E400788A1C /* Info.plist */,
			);
			path = MemeMeTests;
			sourceTree = "<group>";
		};
		7019BB501DB860E400788A1C /* MemeMeUITests */ = {
			isa = PBXGroup;
			children = (
				7019BB511DB860E400788A1C /* MemeMeUITests.swift */,
				7019BB531DB860E400788A1C /* Info.plist */,
			);
			path = MemeMeUITests;
			sourceTree = "<group>";
		};
/* End PBXGroup section */

/* Begin PBXNativeTarget section */
		7019BB2D1DB860E300788A1C /* MemeMe */ = {
			isa = PBXNativeTarget;
			buildConfigurationList = 7019BB561DB860E400788A1C /* Build configuration list for PBXNativeTarget "MemeMe" */;
			buildPhases = (
				7019BB2A1DB860E300788A1C /* Sources */,
				7019BB2B1DB860E300788A1C /* Frameworks */,
				7019BB2C1DB860E300788A1C /* Resources */,
			);
			buildRules = (
			);
			dependencies = (
			);
			name = MemeMe;
			productName = MemeMe;
			productReference = 7019BB2E1DB860E300788A1C /* MemeMe.app */;
			productType = "com.apple.product-type.application";
		};
		7019BB411DB860E400788A1C /* MemeMeTests */ = {
			isa = PBXNativeTarget;
			buildConfigurationList = 7019BB591DB860E400788A1C /* Build configuration list for PBXNativeTarget "MemeMeTests" */;
			buildPhases = (
				7019BB3E1DB860E400788A1C /* Sources */,
				7019BB3F1DB860E400788A1C /* Frameworks */,
				7019BB401DB860E400788A1C /* Resources */,
			);
			buildRules = (
			);
			dependencies = (
				7019BB441DB860E400788A1C /* PBXTargetDependency */,
			);
			name = MemeMeTests;
			productName = MemeMeTests;
			productReference = 7019BB421DB860E400788A1C /* MemeMeTests.xctest */;
			productType = "com.apple.product-type.bundle.unit-test";
		};
		7019BB4C1DB860E400788A1C /* MemeMeUITests */ = {
			isa = PBXNativeTarget;
			buildConfigurationList = 7019BB5C1DB860E400788A1C /* Build configuration list for PBXNativeTarget "MemeMeUITests" */;
			buildPhases = (
				7019BB491DB860E400788A1C /* Sources */,
				7019BB4A1DB860E400788A1C /* Frameworks */,
				7019BB4B1DB860E400788A1C /* Resources */,
			);
			buildRules = (
			);
			dependencies = (
				7019BB4F1DB860E400788A1C /* PBXTargetDependency */,
			);
			name = MemeMeUITests;
			productName = MemeMeUITests;
			productReference = 7019BB4D1DB860E400788A1C /* MemeMeUITests.xctest */;
			productType = "com.apple.product-type.bundle.ui-testing";
		};
/* End PBXNativeTarget section */

/* Begin PBXProject section */
		7019BB261DB860E300788A1C /* Project object */ = {
			isa = PBXProject;
			attributes = {
				LastSwiftUpdateCheck = 0800;
				LastUpgradeCheck = 0800;
				ORGANIZATIONNAME = CHEO.NG;
				TargetAttributes = {
					7019BB2D1DB860E300788A1C = {
						CreatedOnToolsVersion = 8.0;
						DevelopmentTeam = 7DX6JHBS7N;
						ProvisioningStyle = Automatic;
					};
					7019BB411DB860E400788A1C = {
						CreatedOnToolsVersion = 8.0;
						DevelopmentTeam = 7DX6JHBS7N;
						ProvisioningStyle = Automatic;
						TestTargetID = 7019BB2D1DB860E300788A1C;
					};
					7019BB4C1DB860E400788A1C = {
						CreatedOnToolsVersion = 8.0;
						DevelopmentTeam = 7DX6JHBS7N;
						ProvisioningStyle = Automatic;
						TestTargetID = 7019BB2D1DB860E300788A1C;
					};
				};
			};
			buildConfigurationList = 7019BB291DB860E300788A1C /* Build configuration list for PBXProject "MemeMe" */;
			compatibilityVersion = "Xcode 3.2";
			developmentRegion = English;
			hasScannedForEncodings = 0;
			knownRegions = (
				en,
				Base,
			);
			mainGroup = 7019BB251DB860E300788A1C;
			productRefGroup = 7019BB2F1DB860E300788A1C /* Products */;
			projectDirPath = "";
			projectRoot = "";
			targets = (
				7019BB2D1DB860E300788A1C /* MemeMe */,
				7019BB411DB860E400788A1C /* MemeMeTests */,
				7019BB4C1DB860E400788A1C /* MemeMeUITests */,
			);
		};
/* End PBXProject section */

/* Begin PBXResourcesBuildPhase section */
		7019BB2C1DB860E300788A1C /* Resources */ = {
			isa = PBXResourcesBuildPhase;
			buildActionMask = 2147483647;
			files = (
				70563E4E1DB90ECF00866711 /* .gitignore in Resources */,
				70563E5D1DB9976E00866711 /* Main.storyboard in Resources */,
				7019BB3C1DB860E300788A1C /* LaunchScreen.storyboard in Resources */,
				7019BB391DB860E300788A1C /* Assets.xcassets in Resources */,
				70563E501DB90EF000866711 /* LICENSE in Resources */,
			);
			runOnlyForDeploymentPostprocessing = 0;
		};
		7019BB401DB860E400788A1C /* Resources */ = {
			isa = PBXResourcesBuildPhase;
			buildActionMask = 2147483647;
			files = (
			);
			runOnlyForDeploymentPostprocessing = 0;
		};
		7019BB4B1DB860E400788A1C /* Resources */ = {
			isa = PBXResourcesBuildPhase;
			buildActionMask = 2147483647;
			files = (
			);
			runOnlyForDeploymentPostprocessing = 0;
		};
/* End PBXResourcesBuildPhase section */

/* Begin PBXSourcesBuildPhase section */
		7019BB2A1DB860E300788A1C /* Sources */ = {
			isa = PBXSourcesBuildPhase;
			buildActionMask = 2147483647;
			files = (
				70563E521DB90F1300866711 /* README.md in Sources */,
				70563E541DB98A2E00866711 /* SentMemesTableViewController.swift in Sources */,
				702EDA1A1DBA1E1100874FA9 /* MemeCollectionViewCell.swift in Sources */,
				70563E581DB98D6200866711 /* SentMemesCollectionViewController.swift in Sources */,
				70563E5A1DB9961800866711 /* MemeDetailsViewController.swift in Sources */,
				7019BB341DB860E300788A1C /* MemeEditorViewController.swift in Sources */,
				7019BB321DB860E300788A1C /* AppDelegate.swift in Sources */,
				70563E561DB98A9F00866711 /* Meme.swift in Sources */,
			);
			runOnlyForDeploymentPostprocessing = 0;
		};
		7019BB3E1DB860E400788A1C /* Sources */ = {
			isa = PBXSourcesBuildPhase;
			buildActionMask = 2147483647;
			files = (
				7019BB471DB860E400788A1C /* MemeMeTests.swift in Sources */,
			);
			runOnlyForDeploymentPostprocessing = 0;
		};
		7019BB491DB860E400788A1C /* Sources */ = {
			isa = PBXSourcesBuildPhase;
			buildActionMask = 2147483647;
			files = (
				7019BB521DB860E400788A1C /* MemeMeUITests.swift in Sources */,
			);
			runOnlyForDeploymentPostprocessing = 0;
		};
/* End PBXSourcesBuildPhase section */

/* Begin PBXTargetDependency section */
		7019BB441DB860E400788A1C /* PBXTargetDependency */ = {
			isa = PBXTargetDependency;
			target = 7019BB2D1DB860E300788A1C /* MemeMe */;
			targetProxy = 7019BB431DB860E400788A1C /* PBXContainerItemProxy */;
		};
		7019BB4F1DB860E400788A1C /* PBXTargetDependency */ = {
			isa = PBXTargetDependency;
			target = 7019BB2D1DB860E300788A1C /* MemeMe */;
			targetProxy = 7019BB4E1DB860E400788A1C /* PBXContainerItemProxy */;
		};
/* End PBXTargetDependency section */

/* Begin PBXVariantGroup section */
		7019BB3A1DB860E300788A1C /* LaunchScreen.storyboard */ = {
			isa = PBXVariantGroup;
			children = (
				7019BB3B1DB860E300788A1C /* Base */,
			);
			name = LaunchScreen.storyboard;
			sourceTree = "<group>";
		};
		70563E5B1DB9976E00866711 /* Main.storyboard */ = {
			isa = PBXVariantGroup;
			children = (
				70563E5C1DB9976E00866711 /* Base */,
			);
			name = Main.storyboard;
			sourceTree = "<group>";
		};
/* End PBXVariantGroup section */

/* Begin XCBuildConfiguration section */
		7019BB541DB860E400788A1C /* Debug */ = {
			isa = XCBuildConfiguration;
			buildSettings = {
				ALWAYS_SEARCH_USER_PATHS = NO;
				CLANG_ANALYZER_NONNULL = YES;
				CLANG_CXX_LANGUAGE_STANDARD = "gnu++0x";
				CLANG_CXX_LIBRARY = "libc++";
				CLANG_ENABLE_MODULES = YES;
				CLANG_ENABLE_OBJC_ARC = YES;
				CLANG_WARN_BOOL_CONVERSION = YES;
				CLANG_WARN_CONSTANT_CONVERSION = YES;
				CLANG_WARN_DIRECT_OBJC_ISA_USAGE = YES_ERROR;
				CLANG_WARN_DOCUMENTATION_COMMENTS = YES;
				CLANG_WARN_EMPTY_BODY = YES;
				CLANG_WARN_ENUM_CONVERSION = YES;
				CLANG_WARN_INFINITE_RECURSION = YES;
				CLANG_WARN_INT_CONVERSION = YES;
				CLANG_WARN_OBJC_ROOT_CLASS = YES_ERROR;
				CLANG_WARN_SUSPICIOUS_MOVES = YES;
				CLANG_WARN_UNREACHABLE_CODE = YES;
				CLANG_WARN__DUPLICATE_METHOD_MATCH = YES;
				"CODE_SIGN_IDENTITY[sdk=iphoneos*]" = "iPhone Developer";
				COPY_PHASE_STRIP = NO;
				DEBUG_INFORMATION_FORMAT = dwarf;
				ENABLE_STRICT_OBJC_MSGSEND = YES;
				ENABLE_TESTABILITY = YES;
				GCC_C_LANGUAGE_STANDARD = gnu99;
				GCC_DYNAMIC_NO_PIC = NO;
				GCC_NO_COMMON_BLOCKS = YES;
				GCC_OPTIMIZATION_LEVEL = 0;
				GCC_PREPROCESSOR_DEFINITIONS = (
					"DEBUG=1",
					"$(inherited)",
				);
				GCC_WARN_64_TO_32_BIT_CONVERSION = YES;
				GCC_WARN_ABOUT_RETURN_TYPE = YES_ERROR;
				GCC_WARN_UNDECLARED_SELECTOR = YES;
				GCC_WARN_UNINITIALIZED_AUTOS = YES_AGGRESSIVE;
				GCC_WARN_UNUSED_FUNCTION = YES;
				GCC_WARN_UNUSED_VARIABLE = YES;
				IPHONEOS_DEPLOYMENT_TARGET = 10.0;
				MTL_ENABLE_DEBUG_INFO = YES;
				ONLY_ACTIVE_ARCH = YES;
				SDKROOT = iphoneos;
				SWIFT_ACTIVE_COMPILATION_CONDITIONS = DEBUG;
				SWIFT_OPTIMIZATION_LEVEL = "-Onone";
				TARGETED_DEVICE_FAMILY = "1,2";
			};
			name = Debug;
		};
		7019BB551DB860E400788A1C /* Release */ = {
			isa = XCBuildConfiguration;
			buildSettings = {
				ALWAYS_SEARCH_USER_PATHS = NO;
				CLANG_ANALYZER_NONNULL = YES;
				CLANG_CXX_LANGUAGE_STANDARD = "gnu++0x";
				CLANG_CXX_LIBRARY = "libc++";
				CLANG_ENABLE_MODULES = YES;
				CLANG_ENABLE_OBJC_ARC = YES;
				CLANG_WARN_BOOL_CONVERSION = YES;
				CLANG_WARN_CONSTANT_CONVERSION = YES;
				CLANG_WARN_DIRECT_OBJC_ISA_USAGE = YES_ERROR;
				CLANG_WARN_DOCUMENTATION_COMMENTS = YES;
				CLANG_WARN_EMPTY_BODY = YES;
				CLANG_WARN_ENUM_CONVERSION = YES;
				CLANG_WARN_INFINITE_RECURSION = YES;
				CLANG_WARN_INT_CONVERSION = YES;
				CLANG_WARN_OBJC_ROOT_CLASS = YES_ERROR;
				CLANG_WARN_SUSPICIOUS_MOVES = YES;
				CLANG_WARN_UNREACHABLE_CODE = YES;
				CLANG_WARN__DUPLICATE_METHOD_MATCH = YES;
				"CODE_SIGN_IDENTITY[sdk=iphoneos*]" = "iPhone Developer";
				COPY_PHASE_STRIP = NO;
				DEBUG_INFORMATION_FORMAT = "dwarf-with-dsym";
				ENABLE_NS_ASSERTIONS = NO;
				ENABLE_STRICT_OBJC_MSGSEND = YES;
				GCC_C_LANGUAGE_STANDARD = gnu99;
				GCC_NO_COMMON_BLOCKS = YES;
				GCC_WARN_64_TO_32_BIT_CONVERSION = YES;
				GCC_WARN_ABOUT_RETURN_TYPE = YES_ERROR;
				GCC_WARN_UNDECLARED_SELECTOR = YES;
				GCC_WARN_UNINITIALIZED_AUTOS = YES_AGGRESSIVE;
				GCC_WARN_UNUSED_FUNCTION = YES;
				GCC_WARN_UNUSED_VARIABLE = YES;
				IPHONEOS_DEPLOYMENT_TARGET = 10.0;
				MTL_ENABLE_DEBUG_INFO = NO;
				SDKROOT = iphoneos;
				SWIFT_OPTIMIZATION_LEVEL = "-Owholemodule";
				TARGETED_DEVICE_FAMILY = "1,2";
				VALIDATE_PRODUCT = YES;
			};
			name = Release;
		};
		7019BB571DB860E400788A1C /* Debug */ = {
			isa = XCBuildConfiguration;
			buildSettings = {
				ASSETCATALOG_COMPILER_APPICON_NAME = AppIcon;
				DEVELOPMENT_TEAM = 7DX6JHBS7N;
				INFOPLIST_FILE = MemeMe/Info.plist;
				IPHONEOS_DEPLOYMENT_TARGET = 9.3;
				LD_RUNPATH_SEARCH_PATHS = "$(inherited) @executable_path/Frameworks";
				PRODUCT_BUNDLE_IDENTIFIER = ng.cheo.MemeMe;
				PRODUCT_NAME = "$(TARGET_NAME)";
				SWIFT_VERSION = 3.0;
			};
			name = Debug;
		};
		7019BB581DB860E400788A1C /* Release */ = {
			isa = XCBuildConfiguration;
			buildSettings = {
				ASSETCATALOG_COMPILER_APPICON_NAME = AppIcon;
				DEVELOPMENT_TEAM = 7DX6JHBS7N;
				INFOPLIST_FILE = MemeMe/Info.plist;
				IPHONEOS_DEPLOYMENT_TARGET = 9.3;
				LD_RUNPATH_SEARCH_PATHS = "$(inherited) @executable_path/Frameworks";
				PRODUCT_BUNDLE_IDENTIFIER = ng.cheo.MemeMe;
				PRODUCT_NAME = "$(TARGET_NAME)";
				SWIFT_VERSION = 3.0;
			};
			name = Release;
		};
		7019BB5A1DB860E400788A1C /* Debug */ = {
			isa = XCBuildConfiguration;
			buildSettings = {
				ALWAYS_EMBED_SWIFT_STANDARD_LIBRARIES = YES;
				BUNDLE_LOADER = "$(TEST_HOST)";
				DEVELOPMENT_TEAM = 7DX6JHBS7N;
				INFOPLIST_FILE = MemeMeTests/Info.plist;
				LD_RUNPATH_SEARCH_PATHS = "$(inherited) @executable_path/Frameworks @loader_path/Frameworks";
				PRODUCT_BUNDLE_IDENTIFIER = ng.cheo.MemeMeTests;
				PRODUCT_NAME = "$(TARGET_NAME)";
				SWIFT_VERSION = 3.0;
				TEST_HOST = "$(BUILT_PRODUCTS_DIR)/MemeMe.app/MemeMe";
			};
			name = Debug;
		};
		7019BB5B1DB860E400788A1C /* Release */ = {
			isa = XCBuildConfiguration;
			buildSettings = {
				ALWAYS_EMBED_SWIFT_STANDARD_LIBRARIES = YES;
				BUNDLE_LOADER = "$(TEST_HOST)";
				DEVELOPMENT_TEAM = 7DX6JHBS7N;
				INFOPLIST_FILE = MemeMeTests/Info.plist;
				LD_RUNPATH_SEARCH_PATHS = "$(inherited) @executable_path/Frameworks @loader_path/Frameworks";
				PRODUCT_BUNDLE_IDENTIFIER = ng.cheo.MemeMeTests;
				PRODUCT_NAME = "$(TARGET_NAME)";
				SWIFT_VERSION = 3.0;
				TEST_HOST = "$(BUILT_PRODUCTS_DIR)/MemeMe.app/MemeMe";
			};
			name = Release;
		};
		7019BB5D1DB860E400788A1C /* Debug */ = {
			isa = XCBuildConfiguration;
			buildSettings = {
				ALWAYS_EMBED_SWIFT_STANDARD_LIBRARIES = YES;
				DEVELOPMENT_TEAM = 7DX6JHBS7N;
				INFOPLIST_FILE = MemeMeUITests/Info.plist;
				LD_RUNPATH_SEARCH_PATHS = "$(inherited) @executable_path/Frameworks @loader_path/Frameworks";
				PRODUCT_BUNDLE_IDENTIFIER = ng.cheo.MemeMeUITests;
				PRODUCT_NAME = "$(TARGET_NAME)";
				SWIFT_VERSION = 3.0;
				TEST_TARGET_NAME = MemeMe;
			};
			name = Debug;
		};
		7019BB5E1DB860E400788A1C /* Release */ = {
			isa = XCBuildConfiguration;
			buildSettings = {
				ALWAYS_EMBED_SWIFT_STANDARD_LIBRARIES = YES;
				DEVELOPMENT_TEAM = 7DX6JHBS7N;
				INFOPLIST_FILE = MemeMeUITests/Info.plist;
				LD_RUNPATH_SEARCH_PATHS = "$(inherited) @executable_path/Frameworks @loader_path/Frameworks";
				PRODUCT_BUNDLE_IDENTIFIER = ng.cheo.MemeMeUITests;
				PRODUCT_NAME = "$(TARGET_NAME)";
				SWIFT_VERSION = 3.0;
				TEST_TARGET_NAME = MemeMe;
			};
			name = Release;
		};
/* End XCBuildConfiguration section */

/* Begin XCConfigurationList section */
		7019BB291DB860E300788A1C /* Build configuration list for PBXProject "MemeMe" */ = {
			isa = XCConfigurationList;
			buildConfigurations = (
				7019BB541DB860E400788A1C /* Debug */,
				7019BB551DB860E400788A1C /* Release */,
			);
			defaultConfigurationIsVisible = 0;
			defaultConfigurationName = Release;
		};
		7019BB561DB860E400788A1C /* Build configuration list for PBXNativeTarget "MemeMe" */ = {
			isa = XCConfigurationList;
			buildConfigurations = (
				7019BB571DB860E400788A1C /* Debug */,
				7019BB581DB860E400788A1C /* Release */,
			);
			defaultConfigurationIsVisible = 0;
			defaultConfigurationName = Release;
		};
		7019BB591DB860E400788A1C /* Build configuration list for PBXNativeTarget "MemeMeTests" */ = {
			isa = XCConfigurationList;
			buildConfigurations = (
				7019BB5A1DB860E400788A1C /* Debug */,
				7019BB5B1DB860E400788A1C /* Release */,
			);
			defaultConfigurationIsVisible = 0;
			defaultConfigurationName = Release;
		};
		7019BB5C1DB860E400788A1C /* Build configuration list for PBXNativeTarget "MemeMeUITests" */ = {
			isa = XCConfigurationList;
			buildConfigurations = (
				7019BB5D1DB860E400788A1C /* Debug */,
				7019BB5E1DB860E400788A1C /* Release */,
			);
			defaultConfigurationIsVisible = 0;
			defaultConfigurationName = Release;
		};
/* End XCConfigurationList section */
	};
	rootObject = 7019BB261DB860E300788A1C /* Project object */;
}
